<?xml version="1.0" encoding="utf-8"?>
<Project ToolsVersion="4.0" xmlns="http://schemas.microsoft.com/developer/msbuild/2003">
  <ItemGroup>
    <Filter Include="Файлы заголовков">
      <UniqueIdentifier>{93995380-89BD-4b04-88EB-625FBE52EBFB}</UniqueIdentifier>
      <Extensions>h;hh;hpp;hxx;h++;hm;inl;inc;ipp;xsd</Extensions>
    </Filter>
    <Filter Include="Файлы ресурсов">
      <UniqueIdentifier>{67DA6AB6-F800-4c08-8B7A-83BB121AAD01}</UniqueIdentifier>
      <Extensions>rc;ico;cur;bmp;dlg;rc2;rct;bin;rgs;gif;jpg;jpeg;jpe;resx;tiff;tif;png;wav;mfcribbon-ms</Extensions>
    </Filter>
    <Filter Include="Entities">
      <UniqueIdentifier>{ca1a1bfe-cd22-4360-921a-77b981484548}</UniqueIdentifier>
    </Filter>
    <Filter Include="Исходные файлы">
      <UniqueIdentifier>{4FC737F1-C7A5-4376-A066-2A32D752A2FF}</UniqueIdentifier>
      <Extensions>cpp;c;cc;cxx;c++;cppm;ixx;def;odl;idl;hpj;bat;asm;asmx</Extensions>
    </Filter>
    <Filter Include="Resource Files">
      <UniqueIdentifier>{4c00483b-088c-484d-946e-a94c34b36542}</UniqueIdentifier>
    </Filter>
    <Filter Include="States">
      <UniqueIdentifier>{249fd62c-9f2b-48e9-8b91-f602d6539de7}</UniqueIdentifier>
    </Filter>
  </ItemGroup>
  <ItemGroup>
    <ClCompile Include="src\Entities\Entity.cpp">
      <Filter>Entities</Filter>
    </ClCompile>
    <ClCompile Include="src\Game.cpp">
      <Filter>Исходные файлы</Filter>
    </ClCompile>
    <ClCompile Include="src\main.cpp">
      <Filter>Исходные файлы</Filter>
    </ClCompile>
    <ClCompile Include="src\States\State.cpp">
      <Filter>States</Filter>
    </ClCompile>
    <ClCompile Include="src\States\MainMenuState.cpp">
      <Filter>States</Filter>
    </ClCompile>
    <ClCompile Include="src\States\GameState.cpp">
      <Filter>States</Filter>
    </ClCompile>
    <ClCompile Include="src\Resource Files\Button.cpp">
      <Filter>Resource Files</Filter>
    </ClCompile>
  </ItemGroup>
  <ItemGroup>
    <ClInclude Include="src\Game.h">
      <Filter>Файлы заголовков</Filter>
    </ClInclude>
    <ClInclude Include="src\Entities\Entity.h">
      <Filter>Entities</Filter>
    </ClInclude>
    <ClInclude Include="src\States\State.h">
      <Filter>States</Filter>
    </ClInclude>
    <ClInclude Include="src\States\MainMenuState.h">
      <Filter>States</Filter>
    </ClInclude>
    <ClInclude Include="src\States\GameState.h">
      <Filter>States</Filter>
    </ClInclude>
    <ClInclude Include="src\Resource Files\Button.h">
      <Filter>Resource Files</Filter>
    </ClInclude>
  </ItemGroup>
</Project>