
Microsoft Visual Studio Solution File, Format Version 12.00
# Visual Studio Version 17
VisualStudioVersion = 17.3.32901.215
MinimumVisualStudioVersion = 10.0.40219.1
Project("{8BC9CEB8-8B4A-11D0-8D11-00A0C91BC942}") = "SFML_RPG", "SFML_RPG.vcxproj", "{4512700C-A197-457A-B64E-3D61314EB471}"
EndProject
Global
	GlobalSection(SolutionConfigurationPlatforms) = preSolution
		Debug|Win32 = Debug|Win32
		Debug|x64 = Debug|x64
		Debug|x86 = Debug|x86
		Release|Win32 = Release|Win32
		Release|x64 = Release|x64
		Release|x86 = Release|x86
	EndGlobalSection
	GlobalSection(ProjectConfigurationPlatforms) = postSolution
		{4512700C-A197-457A-B64E-3D61314EB471}.Debug|Win32.ActiveCfg = Debug|Win32
		{4512700C-A197-457A-B64E-3D61314EB471}.Debug|Win32.Build.0 = Debug|Win32
		{4512700C-A197-457A-B64E-3D61314EB471}.Debug|x64.ActiveCfg = Debug|x64
		{4512700C-A197-457A-B64E-3D61314EB471}.Debug|x64.Build.0 = Debug|x64
		{4512700C-A197-457A-B64E-3D61314EB471}.Debug|x86.ActiveCfg = Debug|Win32
		{4512700C-A197-457A-B64E-3D61314EB471}.Debug|x86.Build.0 = Debug|Win32
		{4512700C-A197-457A-B64E-3D61314EB471}.Release|Win32.ActiveCfg = Release|Win32
		{4512700C-A197-457A-B64E-3D61314EB471}.Release|Win32.Build.0 = Release|Win32
		{4512700C-A197-457A-B64E-3D61314EB471}.Release|x64.ActiveCfg = Release|x64
		{4512700C-A197-457A-B64E-3D61314EB471}.Release|x64.Build.0 = Release|x64
		{4512700C-A197-457A-B64E-3D61314EB471}.Release|x86.ActiveCfg = Release|Win32
		{4512700C-A197-457A-B64E-3D61314EB471}.Release|x86.Build.0 = Release|Win32
	EndGlobalSection
	GlobalSection(SolutionProperties) = preSolution
		HideSolutionNode = FALSE
	EndGlobalSection
	GlobalSection(ExtensibilityGlobals) = postSolution
		SolutionGuid = {5B204D11-474E-4CE0-9D19-202F77BC0417}
	EndGlobalSection
EndGlobal
